
Microsoft Visual Studio Solution File, Format Version 12.00
# Visual Studio 15
VisualStudioVersion = 15.0.28307.1259
MinimumVisualStudioVersion = 10.0.40219.1
Project("{FAE04EC0-301F-11D3-BF4B-00C04F79EFBC}") = "NoMasAccidentes", "NoMasAccidentes\NoMasAccidentes.csproj", "{B819D997-4AA8-4742-B72F-ABAEE7D26613}"
EndProject
Global
	GlobalSection(SolutionConfigurationPlatforms) = preSolution
		Debug|Any CPU = Debug|Any CPU
		Release|Any CPU = Release|Any CPU
	EndGlobalSection
	GlobalSection(ProjectConfigurationPlatforms) = postSolution
		{B819D997-4AA8-4742-B72F-ABAEE7D26613}.Debug|Any CPU.ActiveCfg = Debug|Any CPU
		{B819D997-4AA8-4742-B72F-ABAEE7D26613}.Debug|Any CPU.Build.0 = Debug|Any CPU
		{B819D997-4AA8-4742-B72F-ABAEE7D26613}.Release|Any CPU.ActiveCfg = Release|Any CPU
		{B819D997-4AA8-4742-B72F-ABAEE7D26613}.Release|Any CPU.Build.0 = Release|Any CPU
	EndGlobalSection
	GlobalSection(SolutionProperties) = preSolution
		HideSolutionNode = FALSE
	EndGlobalSection
	GlobalSection(ExtensibilityGlobals) = postSolution
		SolutionGuid = {B28C114E-E5DC-4BBA-8A6B-64F38A0B4967}
	EndGlobalSection
EndGlobal
